
Microsoft Visual Studio Solution File, Format Version 12.00
# Visual Studio Version 17
VisualStudioVersion = 17.7.34003.232
MinimumVisualStudioVersion = 10.0.40219.1
Project("{FAE04EC0-301F-11D3-BF4B-00C04F79EFBC}") = "SecondClassLibrary", "SecondClassLibrary.csproj", "{11ECE557-5072-4512-A33E-CBC51ED620FD}"
EndProject
Global
	GlobalSection(SolutionConfigurationPlatforms) = preSolution
		Debug|Any CPU = Debug|Any CPU
		Release|Any CPU = Release|Any CPU
	EndGlobalSection
	GlobalSection(ProjectConfigurationPlatforms) = postSolution
		{11ECE557-5072-4512-A33E-CBC51ED620FD}.Debug|Any CPU.ActiveCfg = Debug|Any CPU
		{11ECE557-5072-4512-A33E-CBC51ED620FD}.Debug|Any CPU.Build.0 = Debug|Any CPU
		{11ECE557-5072-4512-A33E-CBC51ED620FD}.Release|Any CPU.ActiveCfg = Release|Any CPU
		{11ECE557-5072-4512-A33E-CBC51ED620FD}.Release|Any CPU.Build.0 = Release|Any CPU
	EndGlobalSection
	GlobalSection(SolutionProperties) = preSolution
		HideSolutionNode = FALSE
	EndGlobalSection
	GlobalSection(ExtensibilityGlobals) = postSolution
		SolutionGuid = {FFE7F56F-96AB-41EE-9086-0198EC0FC7C4}
	EndGlobalSection
EndGlobal
